
Microsoft Visual Studio Solution File, Format Version 12.00
# Visual Studio Version 17
VisualStudioVersion = 17.5.33627.172
MinimumVisualStudioVersion = 10.0.40219.1
Project("{FAE04EC0-301F-11D3-BF4B-00C04F79EFBC}") = "Abcsarction", "Abcsarction.csproj", "{B164DFA6-393F-4027-9072-6E9684BEB891}"
EndProject
Global
	GlobalSection(SolutionConfigurationPlatforms) = preSolution
		Debug|Any CPU = Debug|Any CPU
		Release|Any CPU = Release|Any CPU
	EndGlobalSection
	GlobalSection(ProjectConfigurationPlatforms) = postSolution
		{B164DFA6-393F-4027-9072-6E9684BEB891}.Debug|Any CPU.ActiveCfg = Debug|Any CPU
		{B164DFA6-393F-4027-9072-6E9684BEB891}.Debug|Any CPU.Build.0 = Debug|Any CPU
		{B164DFA6-393F-4027-9072-6E9684BEB891}.Release|Any CPU.ActiveCfg = Release|Any CPU
		{B164DFA6-393F-4027-9072-6E9684BEB891}.Release|Any CPU.Build.0 = Release|Any CPU
	EndGlobalSection
	GlobalSection(SolutionProperties) = preSolution
		HideSolutionNode = FALSE
	EndGlobalSection
	GlobalSection(ExtensibilityGlobals) = postSolution
		SolutionGuid = {4BBE2063-D356-4D71-ADAC-5B75DE468DE8}
	EndGlobalSection
EndGlobal
